{
  "version": 4,
  "terraform_version": "0.13.5",
  "serial": 3,
  "lineage": "b7d2aa5a-812a-2d1f-e5e6-835215928e00",
  "outputs": {
    "content": {
      "value": "foo!",
      "type": "string"
    }
  },
  "resources": [
    {
      "mode": "managed",
      "type": "local_file",
      "name": "foo",
      "provider": "provider[\"registry.terraform.io/hashicorp/local\"]",
      "instances": [
        {
          "schema_version": 0,
          "attributes": {
            "content": "foo!",
            "content_base64": null,
            "directory_permission": "0777",
            "file_permission": "0777",
            "filename": "./foo.bar",
            "id": "4bf3e335199107182c6f7638efaad377acc7f452",
            "sensitive_content": null,
            "source": null
          },
          "private": "bnVsbA=="
        }
      ]
    }
  ]
}
